#MicroXplorer Configuration settings - do not modify
Mcu.Family=STM32L4
RCC.MSI_VALUE=4000000
ProjectManager.MainLocation=Core/Src
RCC.PLLQoutputFreq_Value=80000000
RCC.USART1Freq_Value=4000000
ProjectManager.ProjectFileName=my_pwm_experiment.ioc
RCC.SAI1Freq_Value=13714285.714285715
SH.S_TIM2_CH1.0=TIM2_CH1,PWM Generation1 CH1
RCC.CortexFreq_Value=4000000
ProjectManager.KeepUserCode=true
Mcu.UserName=STM32L475VGTx
Mcu.PinsNb=5
ProjectManager.NoMain=false
RCC.PLLSAI1RoutputFreq_Value=48000000
RCC.SWPMI1Freq_Value=4000000
ProjectManager.functionlistsort=1-MX_GPIO_Init-GPIO-false-HAL-true,2-SystemClock_Config-RCC-false-HAL-false,3-MX_TIM15_Init-TIM15-false-HAL-true,4-MX_TIM2_Init-TIM2-false-HAL-true
ProjectManager.DefaultFWLocation=true
RCC.USART2Freq_Value=4000000
ProjectManager.DeletePrevious=true
PB14.Locked=true
RCC.VCOSAI2OutputFreq_Value=32000000
boardIOC=true
PinOutPanel.RotationAngle=0
RCC.FamilyName=M
RCC.MCO1PinFreq_Value=4000000
ProjectManager.StackSize=0x400
RCC.I2C3Freq_Value=4000000
RCC.LPTIM1Freq_Value=4000000
Mcu.IP4=TIM15
RCC.FCLKCortexFreq_Value=4000000
NVIC.SVCall_IRQn=true\:0\:0\:false\:false\:true\:true\:false
Mcu.IP2=SYS
Mcu.IP3=TIM2
Mcu.IP0=NVIC
Mcu.IP1=RCC
Mcu.UserConstants=
RCC.VCOSAI1OutputFreq_Value=96000000
ProjectManager.TargetToolchain=EWARM V8.32
RCC.SDMMCFreq_Value=48000000
TIM15.Prescaler=40-1
Mcu.ThirdPartyNb=0
RCC.HCLKFreq_Value=4000000
Mcu.IPNb=5
TIM2.IPParameters=Prescaler,Period,Channel-PWM Generation1 CH1
ProjectManager.PreviousToolchain=
RCC.APB2TimFreq_Value=4000000
RCC.SAI2Freq_Value=13714285.714285715
VP_TIM2_VS_ClockSourceINT.Signal=TIM2_VS_ClockSourceINT
ProjectManager.RegisterCallBack=
RCC.USBFreq_Value=48000000
RCC.LSE_VALUE=32768
TIM15.IPParameters=Prescaler,Period,Channel-PWM Generation1 CH1
RCC.AHBFreq_Value=4000000
RCC.PLLSAI1PoutputFreq_Value=13714285.714285715
Mcu.Pin0=PA5
Mcu.Pin1=PB14
Mcu.Pin2=VP_SYS_VS_Systick
Mcu.Pin3=VP_TIM2_VS_ClockSourceINT
RCC.USART3Freq_Value=4000000
Mcu.Pin4=VP_TIM15_VS_ClockSourceINT
PB14.Signal=S_TIM15_CH1
RCC.PLLSAI2RoutputFreq_Value=16000000
PA5.Signal=S_TIM2_CH1
ProjectManager.ProjectBuild=false
RCC.HSE_VALUE=8000000
NVIC.UsageFault_IRQn=true\:0\:0\:false\:false\:true\:true\:false
NVIC.DebugMonitor_IRQn=true\:0\:0\:false\:false\:true\:true\:false
board=B-L475E-IOT01A1
RCC.VCOOutputFreq_Value=160000000
NVIC.SysTick_IRQn=true\:0\:0\:false\:false\:true\:true\:true
ProjectManager.LastFirmware=true
SH.S_TIM15_CH1.0=TIM15_CH1,PWM Generation1 CH1
SH.S_TIM15_CH1.ConfNb=1
TIM15.Period=2000-1
ProjectManager.FirmwarePackage=STM32Cube FW_L4 V1.16.0
MxDb.Version=DB.6.0.0
RCC.APB2Freq_Value=4000000
RCC.UART4Freq_Value=4000000
ProjectManager.BackupPrevious=false
MxCube.Version=6.0.1
RCC.VCOInputFreq_Value=4000000
VP_TIM2_VS_ClockSourceINT.Mode=Internal
RCC.I2C1Freq_Value=4000000
RCC.RNGFreq_Value=48000000
RCC.PLLSAI1QoutputFreq_Value=48000000
RCC.ADCFreq_Value=48000000
File.Version=6
VP_SYS_VS_Systick.Mode=SysTick
SH.S_TIM2_CH1.ConfNb=1
NVIC.NonMaskableInt_IRQn=true\:0\:0\:false\:false\:true\:true\:false
RCC.PLLRCLKFreq_Value=80000000
TIM2.Channel-PWM\ Generation1\ CH1=TIM_CHANNEL_1
NVIC.PendSV_IRQn=true\:0\:0\:false\:false\:true\:true\:false
TIM2.Period=2000-1
RCC.UART5Freq_Value=4000000
ProjectManager.FreePins=false
RCC.IPParameters=ADCFreq_Value,AHBFreq_Value,APB1Freq_Value,APB1TimFreq_Value,APB2Freq_Value,APB2TimFreq_Value,CortexFreq_Value,DFSDMFreq_Value,FCLKCortexFreq_Value,FamilyName,HCLKFreq_Value,HSE_VALUE,HSI_VALUE,I2C1Freq_Value,I2C2Freq_Value,I2C3Freq_Value,LPTIM1Freq_Value,LPTIM2Freq_Value,LPUART1Freq_Value,LSCOPinFreq_Value,LSE_VALUE,LSI_VALUE,MCO1PinFreq_Value,MSI_VALUE,PLLN,PLLPoutputFreq_Value,PLLQoutputFreq_Value,PLLRCLKFreq_Value,PLLSAI1N,PLLSAI1PoutputFreq_Value,PLLSAI1QoutputFreq_Value,PLLSAI1RoutputFreq_Value,PLLSAI2PoutputFreq_Value,PLLSAI2RoutputFreq_Value,PWRFreq_Value,RNGFreq_Value,SAI1Freq_Value,SAI2Freq_Value,SDMMCFreq_Value,SWPMI1Freq_Value,SYSCLKFreq_VALUE,UART4Freq_Value,UART5Freq_Value,USART1Freq_Value,USART2Freq_Value,USART3Freq_Value,USBFreq_Value,VCOInputFreq_Value,VCOOutputFreq_Value,VCOSAI1OutputFreq_Value,VCOSAI2OutputFreq_Value
VP_TIM15_VS_ClockSourceINT.Signal=TIM15_VS_ClockSourceINT
ProjectManager.AskForMigrate=true
Mcu.Name=STM32L475V(C-E-G)Tx
RCC.LPTIM2Freq_Value=4000000
ProjectManager.HalAssertFull=false
ProjectManager.ProjectName=my_pwm_experiment
ProjectManager.UnderRoot=false
ProjectManager.CoupleFile=false
RCC.SYSCLKFreq_VALUE=4000000
Mcu.Package=LQFP100
TIM2.Prescaler=40-1
PA5.Locked=true
NVIC.ForceEnableDMAVector=true
RCC.PLLSAI2PoutputFreq_Value=4571428.571428572
KeepUserPlacement=false
NVIC.MemoryManagement_IRQn=true\:0\:0\:false\:false\:true\:true\:false
ProjectManager.CompilerOptimize=6
ProjectManager.ToolChainLocation=
RCC.LSI_VALUE=32000
VP_SYS_VS_Systick.Signal=SYS_VS_Systick
VP_TIM15_VS_ClockSourceINT.Mode=Internal
RCC.LSCOPinFreq_Value=32000
ProjectManager.HeapSize=0x200
NVIC.HardFault_IRQn=true\:0\:0\:false\:false\:true\:true\:false
RCC.DFSDMFreq_Value=4000000
ProjectManager.ComputerToolchain=false
RCC.HSI_VALUE=16000000
NVIC.PriorityGroup=NVIC_PRIORITYGROUP_4
RCC.PLLN=40
RCC.PLLPoutputFreq_Value=22857142.85714286
RCC.APB1TimFreq_Value=4000000
NVIC.BusFault_IRQn=true\:0\:0\:false\:false\:true\:true\:false
RCC.PWRFreq_Value=4000000
RCC.LPUART1Freq_Value=4000000
RCC.I2C2Freq_Value=4000000
RCC.APB1Freq_Value=4000000
ProjectManager.CustomerFirmwarePackage=
ProjectManager.DeviceId=STM32L475VGTx
ProjectManager.LibraryCopy=0
RCC.PLLSAI1N=24
TIM15.Channel-PWM\ Generation1\ CH1=TIM_CHANNEL_1
